{
  "name": "buy-and-sell",
  "lockfileVersion": 3,
  "requires": true,
  "packages": {
    "": {
      "dependencies": {
        "@hapi/boom": "^10.0.1"
      }
    },
    "node_modules/@hapi/boom": {
      "version": "10.0.1",
      "resolved": "https://registry.npmjs.org/@hapi/boom/-/boom-10.0.1.tgz",
      "integrity": "sha512-ERcCZaEjdH3OgSJlyjVk8pHIFeus91CjKP3v+MpgBNp5IvGzP2l/bRiD78nqYcKPaZdbKkK5vDBVPd2ohHBlsA==",
      "license": "BSD-3-Clause",
      "dependencies": {
        "@hapi/hoek": "^11.0.2"
      }
    },
    "node_modules/@hapi/hoek": {
      "version": "11.0.6",
      "resolved": "https://registry.npmjs.org/@hapi/hoek/-/hoek-11.0.6.tgz",
      "integrity": "sha512-mu8He+jghTDJ+la/uGBT4b1rqQdqFADZiXhzd98b3XW5nb/c+5woXx3FiNco2nm4wPJFHQVRGxYeWeSDPIYpYw==",
      "license": "BSD-3-Clause"
    }
  }
}
